
Microsoft Visual Studio Solution File, Format Version 12.00
Project("{FAE04EC0-301F-11D3-BF4B-00C04F79EFBC}") = "Stateflow", "Stateflow\Stateflow.csproj", "{EC4579CE-677B-4329-BBF6-1AAAAA928DF1}"
EndProject
Project("{FAE04EC0-301F-11D3-BF4B-00C04F79EFBC}") = "StateFlow.Demo", "StateFlow.Demo\StateFlow.Demo.csproj", "{383C1F00-0B23-429F-A406-982848EA2AD0}"
EndProject
Global
	GlobalSection(SolutionConfigurationPlatforms) = preSolution
		Debug|Any CPU = Debug|Any CPU
		Release|Any CPU = Release|Any CPU
	EndGlobalSection
	GlobalSection(ProjectConfigurationPlatforms) = postSolution
		{EC4579CE-677B-4329-BBF6-1AAAAA928DF1}.Debug|Any CPU.ActiveCfg = Debug|Any CPU
		{EC4579CE-677B-4329-BBF6-1AAAAA928DF1}.Debug|Any CPU.Build.0 = Debug|Any CPU
		{EC4579CE-677B-4329-BBF6-1AAAAA928DF1}.Release|Any CPU.ActiveCfg = Release|Any CPU
		{EC4579CE-677B-4329-BBF6-1AAAAA928DF1}.Release|Any CPU.Build.0 = Release|Any CPU
		{383C1F00-0B23-429F-A406-982848EA2AD0}.Debug|Any CPU.ActiveCfg = Debug|Any CPU
		{383C1F00-0B23-429F-A406-982848EA2AD0}.Debug|Any CPU.Build.0 = Debug|Any CPU
		{383C1F00-0B23-429F-A406-982848EA2AD0}.Release|Any CPU.ActiveCfg = Release|Any CPU
		{383C1F00-0B23-429F-A406-982848EA2AD0}.Release|Any CPU.Build.0 = Release|Any CPU
	EndGlobalSection
EndGlobal
